
Microsoft Visual Studio Solution File, Format Version 12.00
# Visual Studio Version 16
VisualStudioVersion = 25.0.1705.6
MinimumVisualStudioVersion = 10.0.40219.1
Project("{FAE04EC0-301F-11D3-BF4B-00C04F79EFBC}") = "TestAPI", "TestAPI\TestAPI.csproj", "{DBBA15A9-297E-4824-B03F-0F54277CCDC8}"
EndProject
Global
	GlobalSection(SolutionConfigurationPlatforms) = preSolution
		Debug|Any CPU = Debug|Any CPU
		Release|Any CPU = Release|Any CPU
	EndGlobalSection
	GlobalSection(ProjectConfigurationPlatforms) = postSolution
		{DBBA15A9-297E-4824-B03F-0F54277CCDC8}.Debug|Any CPU.ActiveCfg = Debug|Any CPU
		{DBBA15A9-297E-4824-B03F-0F54277CCDC8}.Debug|Any CPU.Build.0 = Debug|Any CPU
		{DBBA15A9-297E-4824-B03F-0F54277CCDC8}.Release|Any CPU.ActiveCfg = Release|Any CPU
		{DBBA15A9-297E-4824-B03F-0F54277CCDC8}.Release|Any CPU.Build.0 = Release|Any CPU
	EndGlobalSection
	GlobalSection(SolutionProperties) = preSolution
		HideSolutionNode = FALSE
	EndGlobalSection
	GlobalSection(ExtensibilityGlobals) = postSolution
		SolutionGuid = {DE7D9D4D-75CC-4B8D-8B26-21EC3EEDF105}
	EndGlobalSection
EndGlobal
